// !$*UTF8*$!
{
	archiveVersion = 1;
	classes = {
	};
	objectVersion = 52;
	objects = {

/* Begin PBXBuildFile section */
		23258303256D2524001A191B /* ComposableNavigator in Frameworks */ = {isa = PBXBuildFile; productRef = 23258302256D2524001A191B /* ComposableNavigator */; };
		235F93F525D3D4600045E37D /* NavigationShortcutsView.swift in Sources */ = {isa = PBXBuildFile; fileRef = 235F93F425D3D4600045E37D /* NavigationShortcutsView.swift */; };
		235F93FA25D3D7770045E37D /* NavigationShortcuts.swift in Sources */ = {isa = PBXBuildFile; fileRef = 235F93F925D3D7770045E37D /* NavigationShortcuts.swift */; };
		236458A125D41D4A00190D4D /* AppDeeplinkParser.swift in Sources */ = {isa = PBXBuildFile; fileRef = 236458A025D41D4A00190D4D /* AppDeeplinkParser.swift */; };
		236458A425D41D7A00190D4D /* HomeSettingsDeeplink.swift in Sources */ = {isa = PBXBuildFile; fileRef = 236458A325D41D7A00190D4D /* HomeSettingsDeeplink.swift */; };
		236458A725D41E1B00190D4D /* ComposableDeeplinking in Frameworks */ = {isa = PBXBuildFile; productRef = 236458A625D41E1B00190D4D /* ComposableDeeplinking */; };
		236458AB25D41F1600190D4D /* DetailsDeeplink.swift in Sources */ = {isa = PBXBuildFile; fileRef = 236458AA25D41F1600190D4D /* DetailsDeeplink.swift */; };
		236458AE25D41F8000190D4D /* DetailsSettingsDeeplink.swift in Sources */ = {isa = PBXBuildFile; fileRef = 236458AD25D41F8000190D4D /* DetailsSettingsDeeplink.swift */; };
		236E65802559498C00C19B46 /* ExampleApp.swift in Sources */ = {isa = PBXBuildFile; fileRef = 236E657F2559498C00C19B46 /* ExampleApp.swift */; };
		236E65842559498D00C19B46 /* Assets.xcassets in Resources */ = {isa = PBXBuildFile; fileRef = 236E65832559498D00C19B46 /* Assets.xcassets */; };
		236E65872559498D00C19B46 /* Preview Assets.xcassets in Resources */ = {isa = PBXBuildFile; fileRef = 236E65862559498D00C19B46 /* Preview Assets.xcassets */; };
		23A5B5B5255982A300B319DA /* HomeView.swift in Sources */ = {isa = PBXBuildFile; fileRef = 23A5B5B4255982A300B319DA /* HomeView.swift */; };
		23A5B5BB2559846B00B319DA /* DetailView.swift in Sources */ = {isa = PBXBuildFile; fileRef = 23A5B5BA2559846B00B319DA /* DetailView.swift */; };
		23A5B5C02559866000B319DA /* SettingsView.swift in Sources */ = {isa = PBXBuildFile; fileRef = 23A5B5BF2559866000B319DA /* SettingsView.swift */; };
		23B7589E255949F60073D19F /* AppCore.swift in Sources */ = {isa = PBXBuildFile; fileRef = 236E6592255949DA00C19B46 /* AppCore.swift */; };
		23C9A49A25E3A140005942F8 /* ExampleUITests.swift in Sources */ = {isa = PBXBuildFile; fileRef = 23C9A49925E3A140005942F8 /* ExampleUITests.swift */; };
		23C9A4A525E3A1A9005942F8 /* Home.swift in Sources */ = {isa = PBXBuildFile; fileRef = 23C9A4A425E3A1A9005942F8 /* Home.swift */; };
		23C9A4AB25E3A1B1005942F8 /* Settings.swift in Sources */ = {isa = PBXBuildFile; fileRef = 23C9A4AA25E3A1B1005942F8 /* Settings.swift */; };
		23C9A4AF25E3A1CC005942F8 /* Detail.swift in Sources */ = {isa = PBXBuildFile; fileRef = 23C9A4AE25E3A1CC005942F8 /* Detail.swift */; };
		23C9A4B325E3A1DA005942F8 /* NavigationShortcuts.swift in Sources */ = {isa = PBXBuildFile; fileRef = 23C9A4B225E3A1DA005942F8 /* NavigationShortcuts.swift */; };
		23C9A4BA25E3A2EB005942F8 /* AccessibilityIdentifier.swift in Sources */ = {isa = PBXBuildFile; fileRef = 23C9A4B925E3A2EB005942F8 /* AccessibilityIdentifier.swift */; };
		23C9A4BE25E3A4B5005942F8 /* XCUIElementQuery+AccessibiltyIdentifier.swift in Sources */ = {isa = PBXBuildFile; fileRef = 23C9A4BD25E3A4B5005942F8 /* XCUIElementQuery+AccessibiltyIdentifier.swift */; };
		23C9A4C625E3A748005942F8 /* XCUIElement+ExistsAfterTimeout.swift in Sources */ = {isa = PBXBuildFile; fileRef = 23C9A4C525E3A748005942F8 /* XCUIElement+ExistsAfterTimeout.swift */; };
		23C9A4CC25E3A945005942F8 /* Base.swift in Sources */ = {isa = PBXBuildFile; fileRef = 23C9A4CB25E3A945005942F8 /* Base.swift */; };
		23C9A4D125E3AA2F005942F8 /* AccessibilityIdentifier.swift in Sources */ = {isa = PBXBuildFile; fileRef = 23C9A4B925E3A2EB005942F8 /* AccessibilityIdentifier.swift */; };
		23C9A4D725E3AFA9005942F8 /* XCUIApplication+BackButton.swift in Sources */ = {isa = PBXBuildFile; fileRef = 23C9A4D625E3AFA9005942F8 /* XCUIApplication+BackButton.swift */; };
		23D1112325875790008DF0AA /* ComposableNavigatorTCA in Frameworks */ = {isa = PBXBuildFile; productRef = 23D1112225875790008DF0AA /* ComposableNavigatorTCA */; };
/* End PBXBuildFile section */

/* Begin PBXContainerItemProxy section */
		23C9A49C25E3A140005942F8 /* PBXContainerItemProxy */ = {
			isa = PBXContainerItemProxy;
			containerPortal = 236E65742559498C00C19B46 /* Project object */;
			proxyType = 1;
			remoteGlobalIDString = 236E657B2559498C00C19B46;
			remoteInfo = Example;
		};
/* End PBXContainerItemProxy section */

/* Begin PBXFileReference section */
		235F93F425D3D4600045E37D /* NavigationShortcutsView.swift */ = {isa = PBXFileReference; indentWidth = 2; lastKnownFileType = sourcecode.swift; path = NavigationShortcutsView.swift; sourceTree = "<group>"; tabWidth = 2; };
		235F93F925D3D7770045E37D /* NavigationShortcuts.swift */ = {isa = PBXFileReference; indentWidth = 2; lastKnownFileType = sourcecode.swift; path = NavigationShortcuts.swift; sourceTree = "<group>"; tabWidth = 2; };
		236458A025D41D4A00190D4D /* AppDeeplinkParser.swift */ = {isa = PBXFileReference; lastKnownFileType = sourcecode.swift; path = AppDeeplinkParser.swift; sourceTree = "<group>"; };
		236458A325D41D7A00190D4D /* HomeSettingsDeeplink.swift */ = {isa = PBXFileReference; lastKnownFileType = sourcecode.swift; path = HomeSettingsDeeplink.swift; sourceTree = "<group>"; };
		236458AA25D41F1600190D4D /* DetailsDeeplink.swift */ = {isa = PBXFileReference; lastKnownFileType = sourcecode.swift; path = DetailsDeeplink.swift; sourceTree = "<group>"; };
		236458AD25D41F8000190D4D /* DetailsSettingsDeeplink.swift */ = {isa = PBXFileReference; lastKnownFileType = sourcecode.swift; path = DetailsSettingsDeeplink.swift; sourceTree = "<group>"; };
		236E657C2559498C00C19B46 /* Example.app */ = {isa = PBXFileReference; explicitFileType = wrapper.application; includeInIndex = 0; path = Example.app; sourceTree = BUILT_PRODUCTS_DIR; };
		236E657F2559498C00C19B46 /* ExampleApp.swift */ = {isa = PBXFileReference; indentWidth = 2; lastKnownFileType = sourcecode.swift; path = ExampleApp.swift; sourceTree = "<group>"; tabWidth = 2; };
		236E65832559498D00C19B46 /* Assets.xcassets */ = {isa = PBXFileReference; lastKnownFileType = folder.assetcatalog; path = Assets.xcassets; sourceTree = "<group>"; };
		236E65862559498D00C19B46 /* Preview Assets.xcassets */ = {isa = PBXFileReference; lastKnownFileType = folder.assetcatalog; path = "Preview Assets.xcassets"; sourceTree = "<group>"; };
		236E65882559498D00C19B46 /* Info.plist */ = {isa = PBXFileReference; lastKnownFileType = text.plist.xml; path = Info.plist; sourceTree = "<group>"; };
		236E6590255949C500C19B46 /* swift-composable-coordinator */ = {isa = PBXFileReference; lastKnownFileType = folder; name = "swift-composable-coordinator"; path = ..; sourceTree = "<group>"; };
		236E6592255949DA00C19B46 /* AppCore.swift */ = {isa = PBXFileReference; indentWidth = 2; lastKnownFileType = sourcecode.swift; path = AppCore.swift; sourceTree = "<group>"; tabWidth = 2; };
		23A5B5B4255982A300B319DA /* HomeView.swift */ = {isa = PBXFileReference; indentWidth = 2; lastKnownFileType = sourcecode.swift; path = HomeView.swift; sourceTree = "<group>"; tabWidth = 2; };
		23A5B5BA2559846B00B319DA /* DetailView.swift */ = {isa = PBXFileReference; indentWidth = 2; lastKnownFileType = sourcecode.swift; path = DetailView.swift; sourceTree = "<group>"; tabWidth = 2; };
		23A5B5BF2559866000B319DA /* SettingsView.swift */ = {isa = PBXFileReference; indentWidth = 2; lastKnownFileType = sourcecode.swift; path = SettingsView.swift; sourceTree = "<group>"; tabWidth = 2; };
		23C9A49725E3A140005942F8 /* ExampleUITests.xctest */ = {isa = PBXFileReference; explicitFileType = wrapper.cfbundle; includeInIndex = 0; path = ExampleUITests.xctest; sourceTree = BUILT_PRODUCTS_DIR; };
		23C9A49925E3A140005942F8 /* ExampleUITests.swift */ = {isa = PBXFileReference; indentWidth = 2; lastKnownFileType = sourcecode.swift; path = ExampleUITests.swift; sourceTree = "<group>"; tabWidth = 2; };
		23C9A49B25E3A140005942F8 /* Info.plist */ = {isa = PBXFileReference; lastKnownFileType = text.plist.xml; path = Info.plist; sourceTree = "<group>"; };
		23C9A4A425E3A1A9005942F8 /* Home.swift */ = {isa = PBXFileReference; indentWidth = 2; lastKnownFileType = sourcecode.swift; name = Home.swift; path = ../../../../../../Downloads/Home.swift; sourceTree = "<group>"; tabWidth = 2; };
		23C9A4AA25E3A1B1005942F8 /* Settings.swift */ = {isa = PBXFileReference; indentWidth = 2; lastKnownFileType = sourcecode.swift; path = Settings.swift; sourceTree = "<group>"; tabWidth = 2; };
		23C9A4AE25E3A1CC005942F8 /* Detail.swift */ = {isa = PBXFileReference; indentWidth = 2; lastKnownFileType = sourcecode.swift; path = Detail.swift; sourceTree = "<group>"; tabWidth = 2; };
		23C9A4B225E3A1DA005942F8 /* NavigationShortcuts.swift */ = {isa = PBXFileReference; indentWidth = 2; lastKnownFileType = sourcecode.swift; path = NavigationShortcuts.swift; sourceTree = "<group>"; tabWidth = 2; };
		23C9A4B925E3A2EB005942F8 /* AccessibilityIdentifier.swift */ = {isa = PBXFileReference; indentWidth = 2; lastKnownFileType = sourcecode.swift; path = AccessibilityIdentifier.swift; sourceTree = "<group>"; tabWidth = 2; };
		23C9A4BD25E3A4B5005942F8 /* XCUIElementQuery+AccessibiltyIdentifier.swift */ = {isa = PBXFileReference; indentWidth = 2; lastKnownFileType = sourcecode.swift; path = "XCUIElementQuery+AccessibiltyIdentifier.swift"; sourceTree = "<group>"; tabWidth = 2; };
		23C9A4C525E3A748005942F8 /* XCUIElement+ExistsAfterTimeout.swift */ = {isa = PBXFileReference; indentWidth = 2; lastKnownFileType = sourcecode.swift; path = "XCUIElement+ExistsAfterTimeout.swift"; sourceTree = "<group>"; tabWidth = 2; };
		23C9A4CB25E3A945005942F8 /* Base.swift */ = {isa = PBXFileReference; indentWidth = 2; lastKnownFileType = sourcecode.swift; path = Base.swift; sourceTree = "<group>"; tabWidth = 2; };
		23C9A4D625E3AFA9005942F8 /* XCUIApplication+BackButton.swift */ = {isa = PBXFileReference; indentWidth = 2; lastKnownFileType = sourcecode.swift; path = "XCUIApplication+BackButton.swift"; sourceTree = "<group>"; tabWidth = 2; };
/* End PBXFileReference section */

/* Begin PBXFrameworksBuildPhase section */
		236E65792559498C00C19B46 /* Frameworks */ = {
			isa = PBXFrameworksBuildPhase;
			buildActionMask = 2147483647;
			files = (
				23D1112325875790008DF0AA /* ComposableNavigatorTCA in Frameworks */,
				23258303256D2524001A191B /* ComposableNavigator in Frameworks */,
				236458A725D41E1B00190D4D /* ComposableDeeplinking in Frameworks */,
			);
			runOnlyForDeploymentPostprocessing = 0;
		};
		23C9A49425E3A140005942F8 /* Frameworks */ = {
			isa = PBXFrameworksBuildPhase;
			buildActionMask = 2147483647;
			files = (
			);
			runOnlyForDeploymentPostprocessing = 0;
		};
/* End PBXFrameworksBuildPhase section */

/* Begin PBXGroup section */
		235F93FD25D3ECC00045E37D /* Navigation Shortcuts */ = {
			isa = PBXGroup;
			children = (
				235F93F425D3D4600045E37D /* NavigationShortcutsView.swift */,
				235F93F925D3D7770045E37D /* NavigationShortcuts.swift */,
			);
			path = "Navigation Shortcuts";
			sourceTree = "<group>";
		};
		2364589E25D41C2200190D4D /* Deeplinking */ = {
			isa = PBXGroup;
			children = (
				236458A025D41D4A00190D4D /* AppDeeplinkParser.swift */,
				236458A325D41D7A00190D4D /* HomeSettingsDeeplink.swift */,
				236458AA25D41F1600190D4D /* DetailsDeeplink.swift */,
				236458AD25D41F8000190D4D /* DetailsSettingsDeeplink.swift */,
			);
			path = Deeplinking;
			sourceTree = "<group>";
		};
		236E65732559498C00C19B46 = {
			isa = PBXGroup;
			children = (
				236E6590255949C500C19B46 /* swift-composable-coordinator */,
				236E657E2559498C00C19B46 /* Example */,
				23C9A49825E3A140005942F8 /* ExampleUITests */,
				236E657D2559498C00C19B46 /* Products */,
				23B758A025594A010073D19F /* Frameworks */,
			);
			sourceTree = "<group>";
		};
		236E657D2559498C00C19B46 /* Products */ = {
			isa = PBXGroup;
			children = (
				236E657C2559498C00C19B46 /* Example.app */,
				23C9A49725E3A140005942F8 /* ExampleUITests.xctest */,
			);
			name = Products;
			sourceTree = "<group>";
		};
		236E657E2559498C00C19B46 /* Example */ = {
			isa = PBXGroup;
			children = (
				23C9A4B825E3A2D7005942F8 /* Accessibility */,
				2364589E25D41C2200190D4D /* Deeplinking */,
				235F93FD25D3ECC00045E37D /* Navigation Shortcuts */,
				23A5B5BE2559865600B319DA /* Settings Screen */,
				23A5B5B92559846300B319DA /* Detail Screen */,
				23A5B5B32559829A00B319DA /* Home Screen */,
				236E6592255949DA00C19B46 /* AppCore.swift */,
				236E657F2559498C00C19B46 /* ExampleApp.swift */,
				236E65832559498D00C19B46 /* Assets.xcassets */,
				236E65882559498D00C19B46 /* Info.plist */,
				236E65852559498D00C19B46 /* Preview Content */,
			);
			path = Example;
			sourceTree = "<group>";
		};
		236E65852559498D00C19B46 /* Preview Content */ = {
			isa = PBXGroup;
			children = (
				236E65862559498D00C19B46 /* Preview Assets.xcassets */,
			);
			path = "Preview Content";
			sourceTree = "<group>";
		};
		23A5B5B32559829A00B319DA /* Home Screen */ = {
			isa = PBXGroup;
			children = (
				23A5B5B4255982A300B319DA /* HomeView.swift */,
			);
			path = "Home Screen";
			sourceTree = "<group>";
		};
		23A5B5B92559846300B319DA /* Detail Screen */ = {
			isa = PBXGroup;
			children = (
				23A5B5BA2559846B00B319DA /* DetailView.swift */,
			);
			path = "Detail Screen";
			sourceTree = "<group>";
		};
		23A5B5BE2559865600B319DA /* Settings Screen */ = {
			isa = PBXGroup;
			children = (
				23A5B5BF2559866000B319DA /* SettingsView.swift */,
			);
			path = "Settings Screen";
			sourceTree = "<group>";
		};
		23B758A025594A010073D19F /* Frameworks */ = {
			isa = PBXGroup;
			children = (
			);
			name = Frameworks;
			sourceTree = "<group>";
		};
		23C9A49825E3A140005942F8 /* ExampleUITests */ = {
			isa = PBXGroup;
			children = (
				23C9A4A325E3A1A1005942F8 /* Screens */,
				23C9A49925E3A140005942F8 /* ExampleUITests.swift */,
				23C9A49B25E3A140005942F8 /* Info.plist */,
			);
			path = ExampleUITests;
			sourceTree = "<group>";
		};
		23C9A4A325E3A1A1005942F8 /* Screens */ = {
			isa = PBXGroup;
			children = (
				23C9A4CB25E3A945005942F8 /* Base.swift */,
				23C9A4A425E3A1A9005942F8 /* Home.swift */,
				23C9A4AA25E3A1B1005942F8 /* Settings.swift */,
				23C9A4AE25E3A1CC005942F8 /* Detail.swift */,
				23C9A4B225E3A1DA005942F8 /* NavigationShortcuts.swift */,
				23C9A4BD25E3A4B5005942F8 /* XCUIElementQuery+AccessibiltyIdentifier.swift */,
				23C9A4C525E3A748005942F8 /* XCUIElement+ExistsAfterTimeout.swift */,
				23C9A4D625E3AFA9005942F8 /* XCUIApplication+BackButton.swift */,
			);
			path = Screens;
			sourceTree = "<group>";
		};
		23C9A4B825E3A2D7005942F8 /* Accessibility */ = {
			isa = PBXGroup;
			children = (
				23C9A4B925E3A2EB005942F8 /* AccessibilityIdentifier.swift */,
			);
			path = Accessibility;
			sourceTree = "<group>";
		};
/* End PBXGroup section */

/* Begin PBXNativeTarget section */
		236E657B2559498C00C19B46 /* Example */ = {
			isa = PBXNativeTarget;
			buildConfigurationList = 236E658B2559498D00C19B46 /* Build configuration list for PBXNativeTarget "Example" */;
			buildPhases = (
				236E65782559498C00C19B46 /* Sources */,
				236E65792559498C00C19B46 /* Frameworks */,
				236E657A2559498C00C19B46 /* Resources */,
			);
			buildRules = (
			);
			dependencies = (
			);
			name = Example;
			packageProductDependencies = (
				23258302256D2524001A191B /* ComposableNavigator */,
				23D1112225875790008DF0AA /* ComposableNavigatorTCA */,
				236458A625D41E1B00190D4D /* ComposableDeeplinking */,
			);
			productName = Example;
			productReference = 236E657C2559498C00C19B46 /* Example.app */;
			productType = "com.apple.product-type.application";
		};
		23C9A49625E3A140005942F8 /* ExampleUITests */ = {
			isa = PBXNativeTarget;
			buildConfigurationList = 23C9A49E25E3A140005942F8 /* Build configuration list for PBXNativeTarget "ExampleUITests" */;
			buildPhases = (
				23C9A49325E3A140005942F8 /* Sources */,
				23C9A49425E3A140005942F8 /* Frameworks */,
				23C9A49525E3A140005942F8 /* Resources */,
			);
			buildRules = (
			);
			dependencies = (
				23C9A49D25E3A140005942F8 /* PBXTargetDependency */,
			);
			name = ExampleUITests;
			productName = ExampleUITests;
			productReference = 23C9A49725E3A140005942F8 /* ExampleUITests.xctest */;
			productType = "com.apple.product-type.bundle.ui-testing";
		};
/* End PBXNativeTarget section */

/* Begin PBXProject section */
		236E65742559498C00C19B46 /* Project object */ = {
			isa = PBXProject;
			attributes = {
				LastSwiftUpdateCheck = 1240;
				LastUpgradeCheck = 1210;
				TargetAttributes = {
					236E657B2559498C00C19B46 = {
						CreatedOnToolsVersion = 12.1;
					};
					23C9A49625E3A140005942F8 = {
						CreatedOnToolsVersion = 12.4;
						TestTargetID = 236E657B2559498C00C19B46;
					};
				};
			};
			buildConfigurationList = 236E65772559498C00C19B46 /* Build configuration list for PBXProject "Example" */;
			compatibilityVersion = "Xcode 9.3";
			developmentRegion = en;
			hasScannedForEncodings = 0;
			knownRegions = (
				en,
				Base,
			);
			mainGroup = 236E65732559498C00C19B46;
			packageReferences = (
			);
			productRefGroup = 236E657D2559498C00C19B46 /* Products */;
			projectDirPath = "";
			projectRoot = "";
			targets = (
				236E657B2559498C00C19B46 /* Example */,
				23C9A49625E3A140005942F8 /* ExampleUITests */,
			);
		};
/* End PBXProject section */

/* Begin PBXResourcesBuildPhase section */
		236E657A2559498C00C19B46 /* Resources */ = {
			isa = PBXResourcesBuildPhase;
			buildActionMask = 2147483647;
			files = (
				236E65872559498D00C19B46 /* Preview Assets.xcassets in Resources */,
				236E65842559498D00C19B46 /* Assets.xcassets in Resources */,
			);
			runOnlyForDeploymentPostprocessing = 0;
		};
		23C9A49525E3A140005942F8 /* Resources */ = {
			isa = PBXResourcesBuildPhase;
			buildActionMask = 2147483647;
			files = (
			);
			runOnlyForDeploymentPostprocessing = 0;
		};
/* End PBXResourcesBuildPhase section */

/* Begin PBXSourcesBuildPhase section */
		236E65782559498C00C19B46 /* Sources */ = {
			isa = PBXSourcesBuildPhase;
			buildActionMask = 2147483647;
			files = (
				23A5B5C02559866000B319DA /* SettingsView.swift in Sources */,
				23A5B5B5255982A300B319DA /* HomeView.swift in Sources */,
				236458AB25D41F1600190D4D /* DetailsDeeplink.swift in Sources */,
				23A5B5BB2559846B00B319DA /* DetailView.swift in Sources */,
				235F93FA25D3D7770045E37D /* NavigationShortcuts.swift in Sources */,
				236458A125D41D4A00190D4D /* AppDeeplinkParser.swift in Sources */,
				236E65802559498C00C19B46 /* ExampleApp.swift in Sources */,
				23C9A4BA25E3A2EB005942F8 /* AccessibilityIdentifier.swift in Sources */,
				235F93F525D3D4600045E37D /* NavigationShortcutsView.swift in Sources */,
				236458A425D41D7A00190D4D /* HomeSettingsDeeplink.swift in Sources */,
				23B7589E255949F60073D19F /* AppCore.swift in Sources */,
				236458AE25D41F8000190D4D /* DetailsSettingsDeeplink.swift in Sources */,
			);
			runOnlyForDeploymentPostprocessing = 0;
		};
		23C9A49325E3A140005942F8 /* Sources */ = {
			isa = PBXSourcesBuildPhase;
			buildActionMask = 2147483647;
			files = (
				23C9A4D725E3AFA9005942F8 /* XCUIApplication+BackButton.swift in Sources */,
				23C9A4CC25E3A945005942F8 /* Base.swift in Sources */,
				23C9A4B325E3A1DA005942F8 /* NavigationShortcuts.swift in Sources */,
				23C9A4AB25E3A1B1005942F8 /* Settings.swift in Sources */,
				23C9A4A525E3A1A9005942F8 /* Home.swift in Sources */,
				23C9A4D125E3AA2F005942F8 /* AccessibilityIdentifier.swift in Sources */,
				23C9A4C625E3A748005942F8 /* XCUIElement+ExistsAfterTimeout.swift in Sources */,
				23C9A4BE25E3A4B5005942F8 /* XCUIElementQuery+AccessibiltyIdentifier.swift in Sources */,
				23C9A4AF25E3A1CC005942F8 /* Detail.swift in Sources */,
				23C9A49A25E3A140005942F8 /* ExampleUITests.swift in Sources */,
			);
			runOnlyForDeploymentPostprocessing = 0;
		};
/* End PBXSourcesBuildPhase section */

/* Begin PBXTargetDependency section */
		23C9A49D25E3A140005942F8 /* PBXTargetDependency */ = {
			isa = PBXTargetDependency;
			target = 236E657B2559498C00C19B46 /* Example */;
			targetProxy = 23C9A49C25E3A140005942F8 /* PBXContainerItemProxy */;
		};
/* End PBXTargetDependency section */

/* Begin XCBuildConfiguration section */
		236E65892559498D00C19B46 /* Debug */ = {
			isa = XCBuildConfiguration;
			buildSettings = {
				ALWAYS_SEARCH_USER_PATHS = NO;
				CLANG_ANALYZER_NONNULL = YES;
				CLANG_ANALYZER_NUMBER_OBJECT_CONVERSION = YES_AGGRESSIVE;
				CLANG_CXX_LANGUAGE_STANDARD = "gnu++14";
				CLANG_CXX_LIBRARY = "libc++";
				CLANG_ENABLE_MODULES = YES;
				CLANG_ENABLE_OBJC_ARC = YES;
				CLANG_ENABLE_OBJC_WEAK = YES;
				CLANG_WARN_BLOCK_CAPTURE_AUTORELEASING = YES;
				CLANG_WARN_BOOL_CONVERSION = YES;
				CLANG_WARN_COMMA = YES;
				CLANG_WARN_CONSTANT_CONVERSION = YES;
				CLANG_WARN_DEPRECATED_OBJC_IMPLEMENTATIONS = YES;
				CLANG_WARN_DIRECT_OBJC_ISA_USAGE = YES_ERROR;
				CLANG_WARN_DOCUMENTATION_COMMENTS = YES;
				CLANG_WARN_EMPTY_BODY = YES;
				CLANG_WARN_ENUM_CONVERSION = YES;
				CLANG_WARN_INFINITE_RECURSION = YES;
				CLANG_WARN_INT_CONVERSION = YES;
				CLANG_WARN_NON_LITERAL_NULL_CONVERSION = YES;
				CLANG_WARN_OBJC_IMPLICIT_RETAIN_SELF = YES;
				CLANG_WARN_OBJC_LITERAL_CONVERSION = YES;
				CLANG_WARN_OBJC_ROOT_CLASS = YES_ERROR;
				CLANG_WARN_QUOTED_INCLUDE_IN_FRAMEWORK_HEADER = YES;
				CLANG_WARN_RANGE_LOOP_ANALYSIS = YES;
				CLANG_WARN_STRICT_PROTOTYPES = YES;
				CLANG_WARN_SUSPICIOUS_MOVE = YES;
				CLANG_WARN_UNGUARDED_AVAILABILITY = YES_AGGRESSIVE;
				CLANG_WARN_UNREACHABLE_CODE = YES;
				CLANG_WARN__DUPLICATE_METHOD_MATCH = YES;
				COPY_PHASE_STRIP = NO;
				DEBUG_INFORMATION_FORMAT = dwarf;
				ENABLE_STRICT_OBJC_MSGSEND = YES;
				ENABLE_TESTABILITY = YES;
				GCC_C_LANGUAGE_STANDARD = gnu11;
				GCC_DYNAMIC_NO_PIC = NO;
				GCC_NO_COMMON_BLOCKS = YES;
				GCC_OPTIMIZATION_LEVEL = 0;
				GCC_PREPROCESSOR_DEFINITIONS = (
					"DEBUG=1",
					"$(inherited)",
				);
				GCC_WARN_64_TO_32_BIT_CONVERSION = YES;
				GCC_WARN_ABOUT_RETURN_TYPE = YES_ERROR;
				GCC_WARN_UNDECLARED_SELECTOR = YES;
				GCC_WARN_UNINITIALIZED_AUTOS = YES_AGGRESSIVE;
				GCC_WARN_UNUSED_FUNCTION = YES;
				GCC_WARN_UNUSED_VARIABLE = YES;
				IPHONEOS_DEPLOYMENT_TARGET = 14.1;
				MTL_ENABLE_DEBUG_INFO = INCLUDE_SOURCE;
				MTL_FAST_MATH = YES;
				ONLY_ACTIVE_ARCH = YES;
				SDKROOT = iphoneos;
				SWIFT_ACTIVE_COMPILATION_CONDITIONS = DEBUG;
				SWIFT_OPTIMIZATION_LEVEL = "-Onone";
			};
			name = Debug;
		};
		236E658A2559498D00C19B46 /* Release */ = {
			isa = XCBuildConfiguration;
			buildSettings = {
				ALWAYS_SEARCH_USER_PATHS = NO;
				CLANG_ANALYZER_NONNULL = YES;
				CLANG_ANALYZER_NUMBER_OBJECT_CONVERSION = YES_AGGRESSIVE;
				CLANG_CXX_LANGUAGE_STANDARD = "gnu++14";
				CLANG_CXX_LIBRARY = "libc++";
				CLANG_ENABLE_MODULES = YES;
				CLANG_ENABLE_OBJC_ARC = YES;
				CLANG_ENABLE_OBJC_WEAK = YES;
				CLANG_WARN_BLOCK_CAPTURE_AUTORELEASING = YES;
				CLANG_WARN_BOOL_CONVERSION = YES;
				CLANG_WARN_COMMA = YES;
				CLANG_WARN_CONSTANT_CONVERSION = YES;
				CLANG_WARN_DEPRECATED_OBJC_IMPLEMENTATIONS = YES;
				CLANG_WARN_DIRECT_OBJC_ISA_USAGE = YES_ERROR;
				CLANG_WARN_DOCUMENTATION_COMMENTS = YES;
				CLANG_WARN_EMPTY_BODY = YES;
				CLANG_WARN_ENUM_CONVERSION = YES;
				CLANG_WARN_INFINITE_RECURSION = YES;
				CLANG_WARN_INT_CONVERSION = YES;
				CLANG_WARN_NON_LITERAL_NULL_CONVERSION = YES;
				CLANG_WARN_OBJC_IMPLICIT_RETAIN_SELF = YES;
				CLANG_WARN_OBJC_LITERAL_CONVERSION = YES;
				CLANG_WARN_OBJC_ROOT_CLASS = YES_ERROR;
				CLANG_WARN_QUOTED_INCLUDE_IN_FRAMEWORK_HEADER = YES;
				CLANG_WARN_RANGE_LOOP_ANALYSIS = YES;
				CLANG_WARN_STRICT_PROTOTYPES = YES;
				CLANG_WARN_SUSPICIOUS_MOVE = YES;
				CLANG_WARN_UNGUARDED_AVAILABILITY = YES_AGGRESSIVE;
				CLANG_WARN_UNREACHABLE_CODE = YES;
				CLANG_WARN__DUPLICATE_METHOD_MATCH = YES;
				COPY_PHASE_STRIP = NO;
				DEBUG_INFORMATION_FORMAT = "dwarf-with-dsym";
				ENABLE_NS_ASSERTIONS = NO;
				ENABLE_STRICT_OBJC_MSGSEND = YES;
				GCC_C_LANGUAGE_STANDARD = gnu11;
				GCC_NO_COMMON_BLOCKS = YES;
				GCC_WARN_64_TO_32_BIT_CONVERSION = YES;
				GCC_WARN_ABOUT_RETURN_TYPE = YES_ERROR;
				GCC_WARN_UNDECLARED_SELECTOR = YES;
				GCC_WARN_UNINITIALIZED_AUTOS = YES_AGGRESSIVE;
				GCC_WARN_UNUSED_FUNCTION = YES;
				GCC_WARN_UNUSED_VARIABLE = YES;
				IPHONEOS_DEPLOYMENT_TARGET = 14.1;
				MTL_ENABLE_DEBUG_INFO = NO;
				MTL_FAST_MATH = YES;
				SDKROOT = iphoneos;
				SWIFT_COMPILATION_MODE = wholemodule;
				SWIFT_OPTIMIZATION_LEVEL = "-O";
				VALIDATE_PRODUCT = YES;
			};
			name = Release;
		};
		236E658C2559498D00C19B46 /* Debug */ = {
			isa = XCBuildConfiguration;
			buildSettings = {
				ASSETCATALOG_COMPILER_APPICON_NAME = AppIcon;
				ASSETCATALOG_COMPILER_GLOBAL_ACCENT_COLOR_NAME = AccentColor;
				CODE_SIGN_STYLE = Manual;
				DEVELOPMENT_ASSET_PATHS = "\"Example/Preview Content\"";
				DEVELOPMENT_TEAM = "";
				ENABLE_PREVIEWS = YES;
				INFOPLIST_FILE = Example/Info.plist;
				IPHONEOS_DEPLOYMENT_TARGET = 14.0;
				LD_RUNPATH_SEARCH_PATHS = (
					"$(inherited)",
					"@executable_path/Frameworks",
				);
				PRODUCT_BUNDLE_IDENTIFIER = de.bahnx.composable.navigatior.Example;
				PRODUCT_NAME = "$(TARGET_NAME)";
				PROVISIONING_PROFILE_SPECIFIER = "";
				SWIFT_VERSION = 5.0;
				TARGETED_DEVICE_FAMILY = "1,2";
			};
			name = Debug;
		};
		236E658D2559498D00C19B46 /* Release */ = {
			isa = XCBuildConfiguration;
			buildSettings = {
				ASSETCATALOG_COMPILER_APPICON_NAME = AppIcon;
				ASSETCATALOG_COMPILER_GLOBAL_ACCENT_COLOR_NAME = AccentColor;
				CODE_SIGN_STYLE = Manual;
				DEVELOPMENT_ASSET_PATHS = "\"Example/Preview Content\"";
				DEVELOPMENT_TEAM = "";
				ENABLE_PREVIEWS = YES;
				INFOPLIST_FILE = Example/Info.plist;
				IPHONEOS_DEPLOYMENT_TARGET = 14.0;
				LD_RUNPATH_SEARCH_PATHS = (
					"$(inherited)",
					"@executable_path/Frameworks",
				);
				PRODUCT_BUNDLE_IDENTIFIER = de.bahnx.composable.navigatior.Example;
				PRODUCT_NAME = "$(TARGET_NAME)";
				PROVISIONING_PROFILE_SPECIFIER = "";
				SWIFT_VERSION = 5.0;
				TARGETED_DEVICE_FAMILY = "1,2";
			};
			name = Release;
		};
		23C9A49F25E3A140005942F8 /* Debug */ = {
			isa = XCBuildConfiguration;
			buildSettings = {
				CODE_SIGN_STYLE = Automatic;
				INFOPLIST_FILE = ExampleUITests/Info.plist;
				IPHONEOS_DEPLOYMENT_TARGET = 14.4;
				LD_RUNPATH_SEARCH_PATHS = (
					"$(inherited)",
					"@executable_path/Frameworks",
					"@loader_path/Frameworks",
				);
				PRODUCT_BUNDLE_IDENTIFIER = de.bahnx.composable.navigatior.example.ui.tests.ExampleUITests;
				PRODUCT_NAME = "$(TARGET_NAME)";
				SWIFT_VERSION = 5.0;
				TARGETED_DEVICE_FAMILY = "1,2";
				TEST_TARGET_NAME = Example;
			};
			name = Debug;
		};
		23C9A4A025E3A140005942F8 /* Release */ = {
			isa = XCBuildConfiguration;
			buildSettings = {
				CODE_SIGN_STYLE = Automatic;
				INFOPLIST_FILE = ExampleUITests/Info.plist;
				IPHONEOS_DEPLOYMENT_TARGET = 14.4;
				LD_RUNPATH_SEARCH_PATHS = (
					"$(inherited)",
					"@executable_path/Frameworks",
					"@loader_path/Frameworks",
				);
				PRODUCT_BUNDLE_IDENTIFIER = de.bahnx.composable.navigatior.example.ui.tests.ExampleUITests;
				PRODUCT_NAME = "$(TARGET_NAME)";
				SWIFT_VERSION = 5.0;
				TARGETED_DEVICE_FAMILY = "1,2";
				TEST_TARGET_NAME = Example;
			};
			name = Release;
		};
/* End XCBuildConfiguration section */

/* Begin XCConfigurationList section */
		236E65772559498C00C19B46 /* Build configuration list for PBXProject "Example" */ = {
			isa = XCConfigurationList;
			buildConfigurations = (
				236E65892559498D00C19B46 /* Debug */,
				236E658A2559498D00C19B46 /* Release */,
			);
			defaultConfigurationIsVisible = 0;
			defaultConfigurationName = Release;
		};
		236E658B2559498D00C19B46 /* Build configuration list for PBXNativeTarget "Example" */ = {
			isa = XCConfigurationList;
			buildConfigurations = (
				236E658C2559498D00C19B46 /* Debug */,
				236E658D2559498D00C19B46 /* Release */,
			);
			defaultConfigurationIsVisible = 0;
			defaultConfigurationName = Release;
		};
		23C9A49E25E3A140005942F8 /* Build configuration list for PBXNativeTarget "ExampleUITests" */ = {
			isa = XCConfigurationList;
			buildConfigurations = (
				23C9A49F25E3A140005942F8 /* Debug */,
				23C9A4A025E3A140005942F8 /* Release */,
			);
			defaultConfigurationIsVisible = 0;
			defaultConfigurationName = Release;
		};
/* End XCConfigurationList section */

/* Begin XCSwiftPackageProductDependency section */
		23258302256D2524001A191B /* ComposableNavigator */ = {
			isa = XCSwiftPackageProductDependency;
			productName = ComposableNavigator;
		};
		236458A625D41E1B00190D4D /* ComposableDeeplinking */ = {
			isa = XCSwiftPackageProductDependency;
			productName = ComposableDeeplinking;
		};
		23D1112225875790008DF0AA /* ComposableNavigatorTCA */ = {
			isa = XCSwiftPackageProductDependency;
			productName = ComposableNavigatorTCA;
		};
/* End XCSwiftPackageProductDependency section */
	};
	rootObject = 236E65742559498C00C19B46 /* Project object */;
}
